// !$*UTF8*$!
{
	archiveVersion = 1;
	classes = {
	};
	objectVersion = 50;
	objects = {

/* Begin PBXBuildFile section */
		4578083323E6BC4E00431E92 /* AppDelegate.swift in Sources */ = {isa = PBXBuildFile; fileRef = 4578083223E6BC4E00431E92 /* AppDelegate.swift */; };
		4578083523E6BC4E00431E92 /* SceneDelegate.swift in Sources */ = {isa = PBXBuildFile; fileRef = 4578083423E6BC4E00431E92 /* SceneDelegate.swift */; };
		4578083823E6BC4E00431E92 /* SwiftUI_Project.xcdatamodeld in Sources */ = {isa = PBXBuildFile; fileRef = 4578083623E6BC4E00431E92 /* SwiftUI_Project.xcdatamodeld */; };
		4578083A23E6BC4E00431E92 /* ContentView.swift in Sources */ = {isa = PBXBuildFile; fileRef = 4578083923E6BC4E00431E92 /* ContentView.swift */; };
		4578083C23E6BC5100431E92 /* Assets.xcassets in Resources */ = {isa = PBXBuildFile; fileRef = 4578083B23E6BC5100431E92 /* Assets.xcassets */; };
		4578083F23E6BC5100431E92 /* Preview Assets.xcassets in Resources */ = {isa = PBXBuildFile; fileRef = 4578083E23E6BC5100431E92 /* Preview Assets.xcassets */; };
		4578084223E6BC5100431E92 /* LaunchScreen.storyboard in Resources */ = {isa = PBXBuildFile; fileRef = 4578084023E6BC5100431E92 /* LaunchScreen.storyboard */; };
		4578084F23E6C39200431E92 /* ModelStatus.swift in Sources */ = {isa = PBXBuildFile; fileRef = 4578084E23E6C39200431E92 /* ModelStatus.swift */; };
		4578085123E6C66E00431E92 /* SwiftUIStyle.swift in Sources */ = {isa = PBXBuildFile; fileRef = 4578085023E6C66E00431E92 /* SwiftUIStyle.swift */; };
		4578085523E6DF3300431E92 /* IndexTopBarPart.swift in Sources */ = {isa = PBXBuildFile; fileRef = 4578085423E6DF3300431E92 /* IndexTopBarPart.swift */; };
		4578085723E6E32800431E92 /* HistoryTutorialView.swift in Sources */ = {isa = PBXBuildFile; fileRef = 4578085623E6E32800431E92 /* HistoryTutorialView.swift */; };
		4578085923E6E57100431E92 /* FilterTutorialView.swift in Sources */ = {isa = PBXBuildFile; fileRef = 4578085823E6E57100431E92 /* FilterTutorialView.swift */; };
		4578085B23E6E8FB00431E92 /* PageMessagesView.swift in Sources */ = {isa = PBXBuildFile; fileRef = 4578085A23E6E8FB00431E92 /* PageMessagesView.swift */; };
		4578085D23E6EB7900431E92 /* IndexCategoryPartList.swift in Sources */ = {isa = PBXBuildFile; fileRef = 4578085C23E6EB7900431E92 /* IndexCategoryPartList.swift */; };
		4578085F23E6EDC100431E92 /* PageCategories.swift in Sources */ = {isa = PBXBuildFile; fileRef = 4578085E23E6EDC100431E92 /* PageCategories.swift */; };
		4578086123E7173900431E92 /* IndexClassListPart.swift in Sources */ = {isa = PBXBuildFile; fileRef = 4578086023E7173900431E92 /* IndexClassListPart.swift */; };
		4578086323E718A500431E92 /* PageClassList.swift in Sources */ = {isa = PBXBuildFile; fileRef = 4578086223E718A500431E92 /* PageClassList.swift */; };
		45DA1B8623E7D8B2003B98B1 /* IndexTopicListPart.swift in Sources */ = {isa = PBXBuildFile; fileRef = 45DA1B8523E7D8B2003B98B1 /* IndexTopicListPart.swift */; };
		45DA1B8823E7DA3F003B98B1 /* PageTutorialList.swift in Sources */ = {isa = PBXBuildFile; fileRef = 45DA1B8723E7DA3F003B98B1 /* PageTutorialList.swift */; };
		45DA1BA723E7EAD0003B98B1 /* PageViewIndex.swift in Sources */ = {isa = PBXBuildFile; fileRef = 45DA1BA623E7EAD0003B98B1 /* PageViewIndex.swift */; };
		45DA1BA923E7F184003B98B1 /* AnimationStyle.swift in Sources */ = {isa = PBXBuildFile; fileRef = 45DA1BA823E7F184003B98B1 /* AnimationStyle.swift */; };
		45DA1BAB23E7F3BB003B98B1 /* ModelTutorial.swift in Sources */ = {isa = PBXBuildFile; fileRef = 45DA1BAA23E7F3BB003B98B1 /* ModelTutorial.swift */; };
		45DA1BAF23E8069B003B98B1 /* SubPageTopTitle.swift in Sources */ = {isa = PBXBuildFile; fileRef = 45DA1BAE23E8069B003B98B1 /* SubPageTopTitle.swift */; };
		45DA1BB123E80764003B98B1 /* PageTutorialDetail.swift in Sources */ = {isa = PBXBuildFile; fileRef = 45DA1BB023E80764003B98B1 /* PageTutorialDetail.swift */; };
		45DA1BB323E8096B003B98B1 /* TutorialRow.swift in Sources */ = {isa = PBXBuildFile; fileRef = 45DA1BB223E8096B003B98B1 /* TutorialRow.swift */; };
		45DA1BB723E81ACE003B98B1 /* ModelNews.swift in Sources */ = {isa = PBXBuildFile; fileRef = 45DA1BB623E81ACE003B98B1 /* ModelNews.swift */; };
		45DA1BB923E81BE6003B98B1 /* FetchModelNewsList.swift in Sources */ = {isa = PBXBuildFile; fileRef = 45DA1BB823E81BE6003B98B1 /* FetchModelNewsList.swift */; };
		45DA1BBD23E86689003B98B1 /* PageTestList.swift in Sources */ = {isa = PBXBuildFile; fileRef = 45DA1BBC23E86689003B98B1 /* PageTestList.swift */; };
		45DA1BBF23E866BB003B98B1 /* PageProfile.swift in Sources */ = {isa = PBXBuildFile; fileRef = 45DA1BBE23E866BB003B98B1 /* PageProfile.swift */; };
		45DA1BC123E86742003B98B1 /* PageAssistant.swift in Sources */ = {isa = PBXBuildFile; fileRef = 45DA1BC023E86742003B98B1 /* PageAssistant.swift */; };
		45DA1BC323E8721E003B98B1 /* ModelQuiz.swift in Sources */ = {isa = PBXBuildFile; fileRef = 45DA1BC223E8721E003B98B1 /* ModelQuiz.swift */; };
		45DA1BC523E872F8003B98B1 /* FetchModelQuizList.swift in Sources */ = {isa = PBXBuildFile; fileRef = 45DA1BC423E872F8003B98B1 /* FetchModelQuizList.swift */; };
		45DA1BC723E87664003B98B1 /* SubPageTestRow.swift in Sources */ = {isa = PBXBuildFile; fileRef = 45DA1BC623E87664003B98B1 /* SubPageTestRow.swift */; };
		45DA1BC923E88184003B98B1 /* CommonStarList.swift in Sources */ = {isa = PBXBuildFile; fileRef = 45DA1BC823E88184003B98B1 /* CommonStarList.swift */; };
		45DA1BCB23E936AF003B98B1 /* PageTestDetail.swift in Sources */ = {isa = PBXBuildFile; fileRef = 45DA1BCA23E936AF003B98B1 /* PageTestDetail.swift */; };
/* End PBXBuildFile section */

/* Begin PBXFileReference section */
		4578082F23E6BC4E00431E92 /* SwiftUI-Project.app */ = {isa = PBXFileReference; explicitFileType = wrapper.application; includeInIndex = 0; path = "SwiftUI-Project.app"; sourceTree = BUILT_PRODUCTS_DIR; };
		4578083223E6BC4E00431E92 /* AppDelegate.swift */ = {isa = PBXFileReference; lastKnownFileType = sourcecode.swift; path = AppDelegate.swift; sourceTree = "<group>"; };
		4578083423E6BC4E00431E92 /* SceneDelegate.swift */ = {isa = PBXFileReference; lastKnownFileType = sourcecode.swift; path = SceneDelegate.swift; sourceTree = "<group>"; };
		4578083723E6BC4E00431E92 /* SwiftUI_Project.xcdatamodel */ = {isa = PBXFileReference; lastKnownFileType = wrapper.xcdatamodel; path = SwiftUI_Project.xcdatamodel; sourceTree = "<group>"; };
		4578083923E6BC4E00431E92 /* ContentView.swift */ = {isa = PBXFileReference; lastKnownFileType = sourcecode.swift; path = ContentView.swift; sourceTree = "<group>"; };
		4578083B23E6BC5100431E92 /* Assets.xcassets */ = {isa = PBXFileReference; lastKnownFileType = folder.assetcatalog; path = Assets.xcassets; sourceTree = "<group>"; };
		4578083E23E6BC5100431E92 /* Preview Assets.xcassets */ = {isa = PBXFileReference; lastKnownFileType = folder.assetcatalog; path = "Preview Assets.xcassets"; sourceTree = "<group>"; };
		4578084123E6BC5100431E92 /* Base */ = {isa = PBXFileReference; lastKnownFileType = file.storyboard; name = Base; path = Base.lproj/LaunchScreen.storyboard; sourceTree = "<group>"; };
		4578084323E6BC5100431E92 /* Info.plist */ = {isa = PBXFileReference; lastKnownFileType = text.plist.xml; path = Info.plist; sourceTree = "<group>"; };
		4578084E23E6C39200431E92 /* ModelStatus.swift */ = {isa = PBXFileReference; lastKnownFileType = sourcecode.swift; path = ModelStatus.swift; sourceTree = "<group>"; };
		4578085023E6C66E00431E92 /* SwiftUIStyle.swift */ = {isa = PBXFileReference; lastKnownFileType = sourcecode.swift; path = SwiftUIStyle.swift; sourceTree = "<group>"; };
		4578085423E6DF3300431E92 /* IndexTopBarPart.swift */ = {isa = PBXFileReference; lastKnownFileType = sourcecode.swift; path = IndexTopBarPart.swift; sourceTree = "<group>"; };
		4578085623E6E32800431E92 /* HistoryTutorialView.swift */ = {isa = PBXFileReference; lastKnownFileType = sourcecode.swift; path = HistoryTutorialView.swift; sourceTree = "<group>"; };
		4578085823E6E57100431E92 /* FilterTutorialView.swift */ = {isa = PBXFileReference; lastKnownFileType = sourcecode.swift; path = FilterTutorialView.swift; sourceTree = "<group>"; };
		4578085A23E6E8FB00431E92 /* PageMessagesView.swift */ = {isa = PBXFileReference; lastKnownFileType = sourcecode.swift; path = PageMessagesView.swift; sourceTree = "<group>"; };
		4578085C23E6EB7900431E92 /* IndexCategoryPartList.swift */ = {isa = PBXFileReference; lastKnownFileType = sourcecode.swift; path = IndexCategoryPartList.swift; sourceTree = "<group>"; };
		4578085E23E6EDC100431E92 /* PageCategories.swift */ = {isa = PBXFileReference; lastKnownFileType = sourcecode.swift; path = PageCategories.swift; sourceTree = "<group>"; };
		4578086023E7173900431E92 /* IndexClassListPart.swift */ = {isa = PBXFileReference; lastKnownFileType = sourcecode.swift; path = IndexClassListPart.swift; sourceTree = "<group>"; };
		4578086223E718A500431E92 /* PageClassList.swift */ = {isa = PBXFileReference; lastKnownFileType = sourcecode.swift; path = PageClassList.swift; sourceTree = "<group>"; };
		45DA1B8523E7D8B2003B98B1 /* IndexTopicListPart.swift */ = {isa = PBXFileReference; lastKnownFileType = sourcecode.swift; path = IndexTopicListPart.swift; sourceTree = "<group>"; };
		45DA1B8723E7DA3F003B98B1 /* PageTutorialList.swift */ = {isa = PBXFileReference; lastKnownFileType = sourcecode.swift; path = PageTutorialList.swift; sourceTree = "<group>"; };
		45DA1BA623E7EAD0003B98B1 /* PageViewIndex.swift */ = {isa = PBXFileReference; lastKnownFileType = sourcecode.swift; path = PageViewIndex.swift; sourceTree = "<group>"; };
		45DA1BA823E7F184003B98B1 /* AnimationStyle.swift */ = {isa = PBXFileReference; lastKnownFileType = sourcecode.swift; path = AnimationStyle.swift; sourceTree = "<group>"; };
		45DA1BAA23E7F3BB003B98B1 /* ModelTutorial.swift */ = {isa = PBXFileReference; lastKnownFileType = sourcecode.swift; path = ModelTutorial.swift; sourceTree = "<group>"; };
		45DA1BAE23E8069B003B98B1 /* SubPageTopTitle.swift */ = {isa = PBXFileReference; lastKnownFileType = sourcecode.swift; name = SubPageTopTitle.swift; path = "SwiftUI-Project/Pages/SubPageTopTitle.swift"; sourceTree = SOURCE_ROOT; };
		45DA1BB023E80764003B98B1 /* PageTutorialDetail.swift */ = {isa = PBXFileReference; lastKnownFileType = sourcecode.swift; path = PageTutorialDetail.swift; sourceTree = "<group>"; };
		45DA1BB223E8096B003B98B1 /* TutorialRow.swift */ = {isa = PBXFileReference; lastKnownFileType = sourcecode.swift; path = TutorialRow.swift; sourceTree = "<group>"; };
		45DA1BB623E81ACE003B98B1 /* ModelNews.swift */ = {isa = PBXFileReference; lastKnownFileType = sourcecode.swift; path = ModelNews.swift; sourceTree = "<group>"; };
		45DA1BB823E81BE6003B98B1 /* FetchModelNewsList.swift */ = {isa = PBXFileReference; lastKnownFileType = sourcecode.swift; path = FetchModelNewsList.swift; sourceTree = "<group>"; };
		45DA1BBC23E86689003B98B1 /* PageTestList.swift */ = {isa = PBXFileReference; lastKnownFileType = sourcecode.swift; path = PageTestList.swift; sourceTree = "<group>"; };
		45DA1BBE23E866BB003B98B1 /* PageProfile.swift */ = {isa = PBXFileReference; lastKnownFileType = sourcecode.swift; path = PageProfile.swift; sourceTree = "<group>"; };
		45DA1BC023E86742003B98B1 /* PageAssistant.swift */ = {isa = PBXFileReference; lastKnownFileType = sourcecode.swift; path = PageAssistant.swift; sourceTree = "<group>"; };
		45DA1BC223E8721E003B98B1 /* ModelQuiz.swift */ = {isa = PBXFileReference; lastKnownFileType = sourcecode.swift; path = ModelQuiz.swift; sourceTree = "<group>"; };
		45DA1BC423E872F8003B98B1 /* FetchModelQuizList.swift */ = {isa = PBXFileReference; lastKnownFileType = sourcecode.swift; path = FetchModelQuizList.swift; sourceTree = "<group>"; };
		45DA1BC623E87664003B98B1 /* SubPageTestRow.swift */ = {isa = PBXFileReference; lastKnownFileType = sourcecode.swift; path = SubPageTestRow.swift; sourceTree = "<group>"; };
		45DA1BC823E88184003B98B1 /* CommonStarList.swift */ = {isa = PBXFileReference; lastKnownFileType = sourcecode.swift; path = CommonStarList.swift; sourceTree = "<group>"; };
		45DA1BCA23E936AF003B98B1 /* PageTestDetail.swift */ = {isa = PBXFileReference; lastKnownFileType = sourcecode.swift; path = PageTestDetail.swift; sourceTree = "<group>"; };
/* End PBXFileReference section */

/* Begin PBXFrameworksBuildPhase section */
		4578082C23E6BC4E00431E92 /* Frameworks */ = {
			isa = PBXFrameworksBuildPhase;
			buildActionMask = 2147483647;
			files = (
			);
			runOnlyForDeploymentPostprocessing = 0;
		};
/* End PBXFrameworksBuildPhase section */

/* Begin PBXGroup section */
		4578082623E6BC4E00431E92 = {
			isa = PBXGroup;
			children = (
				4578083123E6BC4E00431E92 /* SwiftUI-Project */,
				4578083023E6BC4E00431E92 /* Products */,
			);
			sourceTree = "<group>";
		};
		4578083023E6BC4E00431E92 /* Products */ = {
			isa = PBXGroup;
			children = (
				4578082F23E6BC4E00431E92 /* SwiftUI-Project.app */,
			);
			name = Products;
			sourceTree = "<group>";
		};
		4578083123E6BC4E00431E92 /* SwiftUI-Project */ = {
			isa = PBXGroup;
			children = (
				4578084D23E6C34F00431E92 /* Network */,
				4578084C23E6C31100431E92 /* Style */,
				4578084B23E6C2F500431E92 /* Models */,
				4578084A23E6C2DD00431E92 /* SubViews */,
				4578084923E6C2C100431E92 /* Pages */,
				4578083223E6BC4E00431E92 /* AppDelegate.swift */,
				4578083423E6BC4E00431E92 /* SceneDelegate.swift */,
				4578083923E6BC4E00431E92 /* ContentView.swift */,
				4578083B23E6BC5100431E92 /* Assets.xcassets */,
				4578084023E6BC5100431E92 /* LaunchScreen.storyboard */,
				4578084323E6BC5100431E92 /* Info.plist */,
				4578083623E6BC4E00431E92 /* SwiftUI_Project.xcdatamodeld */,
				4578083D23E6BC5100431E92 /* Preview Content */,
			);
			path = "SwiftUI-Project";
			sourceTree = "<group>";
		};
		4578083D23E6BC5100431E92 /* Preview Content */ = {
			isa = PBXGroup;
			children = (
				4578083E23E6BC5100431E92 /* Preview Assets.xcassets */,
			);
			path = "Preview Content";
			sourceTree = "<group>";
		};
		4578084923E6C2C100431E92 /* Pages */ = {
			isa = PBXGroup;
			children = (
				45DA1BB423E81613003B98B1 /* Quiz */,
				45DA1BB523E8161C003B98B1 /* Profiles */,
				45DA1BB023E80764003B98B1 /* PageTutorialDetail.swift */,
				4578085623E6E32800431E92 /* HistoryTutorialView.swift */,
				4578085823E6E57100431E92 /* FilterTutorialView.swift */,
				4578085A23E6E8FB00431E92 /* PageMessagesView.swift */,
				4578085E23E6EDC100431E92 /* PageCategories.swift */,
				4578086223E718A500431E92 /* PageClassList.swift */,
				45DA1B8723E7DA3F003B98B1 /* PageTutorialList.swift */,
				45DA1BA623E7EAD0003B98B1 /* PageViewIndex.swift */,
				45DA1BC023E86742003B98B1 /* PageAssistant.swift */,
			);
			path = Pages;
			sourceTree = "<group>";
		};
		4578084A23E6C2DD00431E92 /* SubViews */ = {
			isa = PBXGroup;
			children = (
				4578085223E6D07400431E92 /* IndexPageViews */,
				4578085323E6D08900431E92 /* SubPageViews */,
			);
			path = SubViews;
			sourceTree = "<group>";
		};
		4578084B23E6C2F500431E92 /* Models */ = {
			isa = PBXGroup;
			children = (
				4578084E23E6C39200431E92 /* ModelStatus.swift */,
				45DA1BAA23E7F3BB003B98B1 /* ModelTutorial.swift */,
				45DA1BB623E81ACE003B98B1 /* ModelNews.swift */,
				45DA1BC223E8721E003B98B1 /* ModelQuiz.swift */,
			);
			path = Models;
			sourceTree = "<group>";
		};
		4578084C23E6C31100431E92 /* Style */ = {
			isa = PBXGroup;
			children = (
				4578085023E6C66E00431E92 /* SwiftUIStyle.swift */,
				45DA1BA823E7F184003B98B1 /* AnimationStyle.swift */,
			);
			path = Style;
			sourceTree = "<group>";
		};
		4578084D23E6C34F00431E92 /* Network */ = {
			isa = PBXGroup;
			children = (
				45DA1BB823E81BE6003B98B1 /* FetchModelNewsList.swift */,
				45DA1BC423E872F8003B98B1 /* FetchModelQuizList.swift */,
			);
			path = Network;
			sourceTree = "<group>";
		};
		4578085223E6D07400431E92 /* IndexPageViews */ = {
			isa = PBXGroup;
			children = (
				4578085423E6DF3300431E92 /* IndexTopBarPart.swift */,
				4578085C23E6EB7900431E92 /* IndexCategoryPartList.swift */,
				4578086023E7173900431E92 /* IndexClassListPart.swift */,
				45DA1B8523E7D8B2003B98B1 /* IndexTopicListPart.swift */,
			);
			path = IndexPageViews;
			sourceTree = "<group>";
		};
		4578085323E6D08900431E92 /* SubPageViews */ = {
			isa = PBXGroup;
			children = (
				45DA1BB223E8096B003B98B1 /* TutorialRow.swift */,
				45DA1BAE23E8069B003B98B1 /* SubPageTopTitle.swift */,
				45DA1BC823E88184003B98B1 /* CommonStarList.swift */,
				45DA1BCA23E936AF003B98B1 /* PageTestDetail.swift */,
			);
			path = SubPageViews;
			sourceTree = "<group>";
		};
		45DA1BB423E81613003B98B1 /* Quiz */ = {
			isa = PBXGroup;
			children = (
				45DA1BBC23E86689003B98B1 /* PageTestList.swift */,
				45DA1BC623E87664003B98B1 /* SubPageTestRow.swift */,
			);
			path = Quiz;
			sourceTree = "<group>";
		};
		45DA1BB523E8161C003B98B1 /* Profiles */ = {
			isa = PBXGroup;
			children = (
				45DA1BBE23E866BB003B98B1 /* PageProfile.swift */,
			);
			path = Profiles;
			sourceTree = "<group>";
		};
/* End PBXGroup section */

/* Begin PBXNativeTarget section */
		4578082E23E6BC4E00431E92 /* SwiftUI-Project */ = {
			isa = PBXNativeTarget;
			buildConfigurationList = 4578084623E6BC5100431E92 /* Build configuration list for PBXNativeTarget "SwiftUI-Project" */;
			buildPhases = (
				4578082B23E6BC4E00431E92 /* Sources */,
				4578082C23E6BC4E00431E92 /* Frameworks */,
				4578082D23E6BC4E00431E92 /* Resources */,
			);
			buildRules = (
			);
			dependencies = (
			);
			name = "SwiftUI-Project";
			productName = "SwiftUI-Project";
			productReference = 4578082F23E6BC4E00431E92 /* SwiftUI-Project.app */;
			productType = "com.apple.product-type.application";
		};
/* End PBXNativeTarget section */

/* Begin PBXProject section */
		4578082723E6BC4E00431E92 /* Project object */ = {
			isa = PBXProject;
			attributes = {
				LastSwiftUpdateCheck = 1130;
				LastUpgradeCheck = 1130;
				ORGANIZATIONNAME = unrealce;
				TargetAttributes = {
					4578082E23E6BC4E00431E92 = {
						CreatedOnToolsVersion = 11.3.1;
					};
				};
			};
			buildConfigurationList = 4578082A23E6BC4E00431E92 /* Build configuration list for PBXProject "SwiftUI-Project" */;
			compatibilityVersion = "Xcode 9.3";
			developmentRegion = en;
			hasScannedForEncodings = 0;
			knownRegions = (
				en,
				Base,
			);
			mainGroup = 4578082623E6BC4E00431E92;
			productRefGroup = 4578083023E6BC4E00431E92 /* Products */;
			projectDirPath = "";
			projectRoot = "";
			targets = (
				4578082E23E6BC4E00431E92 /* SwiftUI-Project */,
			);
		};
/* End PBXProject section */

/* Begin PBXResourcesBuildPhase section */
		4578082D23E6BC4E00431E92 /* Resources */ = {
			isa = PBXResourcesBuildPhase;
			buildActionMask = 2147483647;
			files = (
				4578084223E6BC5100431E92 /* LaunchScreen.storyboard in Resources */,
				4578083F23E6BC5100431E92 /* Preview Assets.xcassets in Resources */,
				4578083C23E6BC5100431E92 /* Assets.xcassets in Resources */,
			);
			runOnlyForDeploymentPostprocessing = 0;
		};
/* End PBXResourcesBuildPhase section */

/* Begin PBXSourcesBuildPhase section */
		4578082B23E6BC4E00431E92 /* Sources */ = {
			isa = PBXSourcesBuildPhase;
			buildActionMask = 2147483647;
			files = (
				45DA1BC723E87664003B98B1 /* SubPageTestRow.swift in Sources */,
				45DA1BC923E88184003B98B1 /* CommonStarList.swift in Sources */,
				45DA1BAF23E8069B003B98B1 /* SubPageTopTitle.swift in Sources */,
				45DA1BC323E8721E003B98B1 /* ModelQuiz.swift in Sources */,
				45DA1BC123E86742003B98B1 /* PageAssistant.swift in Sources */,
				4578083323E6BC4E00431E92 /* AppDelegate.swift in Sources */,
				4578086323E718A500431E92 /* PageClassList.swift in Sources */,
				45DA1BB723E81ACE003B98B1 /* ModelNews.swift in Sources */,
				4578085B23E6E8FB00431E92 /* PageMessagesView.swift in Sources */,
				4578085F23E6EDC100431E92 /* PageCategories.swift in Sources */,
				45DA1BA923E7F184003B98B1 /* AnimationStyle.swift in Sources */,
				4578085923E6E57100431E92 /* FilterTutorialView.swift in Sources */,
				4578085123E6C66E00431E92 /* SwiftUIStyle.swift in Sources */,
				4578083523E6BC4E00431E92 /* SceneDelegate.swift in Sources */,
				4578086123E7173900431E92 /* IndexClassListPart.swift in Sources */,
				4578083A23E6BC4E00431E92 /* ContentView.swift in Sources */,
				4578084F23E6C39200431E92 /* ModelStatus.swift in Sources */,
				45DA1BBF23E866BB003B98B1 /* PageProfile.swift in Sources */,
				4578085723E6E32800431E92 /* HistoryTutorialView.swift in Sources */,
				4578083823E6BC4E00431E92 /* SwiftUI_Project.xcdatamodeld in Sources */,
				45DA1BB923E81BE6003B98B1 /* FetchModelNewsList.swift in Sources */,
				4578085523E6DF3300431E92 /* IndexTopBarPart.swift in Sources */,
				45DA1BC523E872F8003B98B1 /* FetchModelQuizList.swift in Sources */,
				45DA1BA723E7EAD0003B98B1 /* PageViewIndex.swift in Sources */,
				45DA1BB323E8096B003B98B1 /* TutorialRow.swift in Sources */,
				45DA1BBD23E86689003B98B1 /* PageTestList.swift in Sources */,
				45DA1BB123E80764003B98B1 /* PageTutorialDetail.swift in Sources */,
				4578085D23E6EB7900431E92 /* IndexCategoryPartList.swift in Sources */,
				45DA1B8823E7DA3F003B98B1 /* PageTutorialList.swift in Sources */,
				45DA1BAB23E7F3BB003B98B1 /* ModelTutorial.swift in Sources */,
				45DA1B8623E7D8B2003B98B1 /* IndexTopicListPart.swift in Sources */,
				45DA1BCB23E936AF003B98B1 /* PageTestDetail.swift in Sources */,
			);
			runOnlyForDeploymentPostprocessing = 0;
		};
/* End PBXSourcesBuildPhase section */

/* Begin PBXVariantGroup section */
		4578084023E6BC5100431E92 /* LaunchScreen.storyboard */ = {
			isa = PBXVariantGroup;
			children = (
				4578084123E6BC5100431E92 /* Base */,
			);
			name = LaunchScreen.storyboard;
			sourceTree = "<group>";
		};
/* End PBXVariantGroup section */

/* Begin XCBuildConfiguration section */
		4578084423E6BC5100431E92 /* Debug */ = {
			isa = XCBuildConfiguration;
			buildSettings = {
				ALWAYS_SEARCH_USER_PATHS = NO;
				CLANG_ANALYZER_NONNULL = YES;
				CLANG_ANALYZER_NUMBER_OBJECT_CONVERSION = YES_AGGRESSIVE;
				CLANG_CXX_LANGUAGE_STANDARD = "gnu++14";
				CLANG_CXX_LIBRARY = "libc++";
				CLANG_ENABLE_MODULES = YES;
				CLANG_ENABLE_OBJC_ARC = YES;
				CLANG_ENABLE_OBJC_WEAK = YES;
				CLANG_WARN_BLOCK_CAPTURE_AUTORELEASING = YES;
				CLANG_WARN_BOOL_CONVERSION = YES;
				CLANG_WARN_COMMA = YES;
				CLANG_WARN_CONSTANT_CONVERSION = YES;
				CLANG_WARN_DEPRECATED_OBJC_IMPLEMENTATIONS = YES;
				CLANG_WARN_DIRECT_OBJC_ISA_USAGE = YES_ERROR;
				CLANG_WARN_DOCUMENTATION_COMMENTS = YES;
				CLANG_WARN_EMPTY_BODY = YES;
				CLANG_WARN_ENUM_CONVERSION = YES;
				CLANG_WARN_INFINITE_RECURSION = YES;
				CLANG_WARN_INT_CONVERSION = YES;
				CLANG_WARN_NON_LITERAL_NULL_CONVERSION = YES;
				CLANG_WARN_OBJC_IMPLICIT_RETAIN_SELF = YES;
				CLANG_WARN_OBJC_LITERAL_CONVERSION = YES;
				CLANG_WARN_OBJC_ROOT_CLASS = YES_ERROR;
				CLANG_WARN_RANGE_LOOP_ANALYSIS = YES;
				CLANG_WARN_STRICT_PROTOTYPES = YES;
				CLANG_WARN_SUSPICIOUS_MOVE = YES;
				CLANG_WARN_UNGUARDED_AVAILABILITY = YES_AGGRESSIVE;
				CLANG_WARN_UNREACHABLE_CODE = YES;
				CLANG_WARN__DUPLICATE_METHOD_MATCH = YES;
				COPY_PHASE_STRIP = NO;
				DEBUG_INFORMATION_FORMAT = dwarf;
				ENABLE_STRICT_OBJC_MSGSEND = YES;
				ENABLE_TESTABILITY = YES;
				GCC_C_LANGUAGE_STANDARD = gnu11;
				GCC_DYNAMIC_NO_PIC = NO;
				GCC_NO_COMMON_BLOCKS = YES;
				GCC_OPTIMIZATION_LEVEL = 0;
				GCC_PREPROCESSOR_DEFINITIONS = (
					"DEBUG=1",
					"$(inherited)",
				);
				GCC_WARN_64_TO_32_BIT_CONVERSION = YES;
				GCC_WARN_ABOUT_RETURN_TYPE = YES_ERROR;
				GCC_WARN_UNDECLARED_SELECTOR = YES;
				GCC_WARN_UNINITIALIZED_AUTOS = YES_AGGRESSIVE;
				GCC_WARN_UNUSED_FUNCTION = YES;
				GCC_WARN_UNUSED_VARIABLE = YES;
				IPHONEOS_DEPLOYMENT_TARGET = 13.2;
				MTL_ENABLE_DEBUG_INFO = INCLUDE_SOURCE;
				MTL_FAST_MATH = YES;
				ONLY_ACTIVE_ARCH = YES;
				SDKROOT = iphoneos;
				SWIFT_ACTIVE_COMPILATION_CONDITIONS = DEBUG;
				SWIFT_OPTIMIZATION_LEVEL = "-Onone";
			};
			name = Debug;
		};
		4578084523E6BC5100431E92 /* Release */ = {
			isa = XCBuildConfiguration;
			buildSettings = {
				ALWAYS_SEARCH_USER_PATHS = NO;
				CLANG_ANALYZER_NONNULL = YES;
				CLANG_ANALYZER_NUMBER_OBJECT_CONVERSION = YES_AGGRESSIVE;
				CLANG_CXX_LANGUAGE_STANDARD = "gnu++14";
				CLANG_CXX_LIBRARY = "libc++";
				CLANG_ENABLE_MODULES = YES;
				CLANG_ENABLE_OBJC_ARC = YES;
				CLANG_ENABLE_OBJC_WEAK = YES;
				CLANG_WARN_BLOCK_CAPTURE_AUTORELEASING = YES;
				CLANG_WARN_BOOL_CONVERSION = YES;
				CLANG_WARN_COMMA = YES;
				CLANG_WARN_CONSTANT_CONVERSION = YES;
				CLANG_WARN_DEPRECATED_OBJC_IMPLEMENTATIONS = YES;
				CLANG_WARN_DIRECT_OBJC_ISA_USAGE = YES_ERROR;
				CLANG_WARN_DOCUMENTATION_COMMENTS = YES;
				CLANG_WARN_EMPTY_BODY = YES;
				CLANG_WARN_ENUM_CONVERSION = YES;
				CLANG_WARN_INFINITE_RECURSION = YES;
				CLANG_WARN_INT_CONVERSION = YES;
				CLANG_WARN_NON_LITERAL_NULL_CONVERSION = YES;
				CLANG_WARN_OBJC_IMPLICIT_RETAIN_SELF = YES;
				CLANG_WARN_OBJC_LITERAL_CONVERSION = YES;
				CLANG_WARN_OBJC_ROOT_CLASS = YES_ERROR;
				CLANG_WARN_RANGE_LOOP_ANALYSIS = YES;
				CLANG_WARN_STRICT_PROTOTYPES = YES;
				CLANG_WARN_SUSPICIOUS_MOVE = YES;
				CLANG_WARN_UNGUARDED_AVAILABILITY = YES_AGGRESSIVE;
				CLANG_WARN_UNREACHABLE_CODE = YES;
				CLANG_WARN__DUPLICATE_METHOD_MATCH = YES;
				COPY_PHASE_STRIP = NO;
				DEBUG_INFORMATION_FORMAT = "dwarf-with-dsym";
				ENABLE_NS_ASSERTIONS = NO;
				ENABLE_STRICT_OBJC_MSGSEND = YES;
				GCC_C_LANGUAGE_STANDARD = gnu11;
				GCC_NO_COMMON_BLOCKS = YES;
				GCC_WARN_64_TO_32_BIT_CONVERSION = YES;
				GCC_WARN_ABOUT_RETURN_TYPE = YES_ERROR;
				GCC_WARN_UNDECLARED_SELECTOR = YES;
				GCC_WARN_UNINITIALIZED_AUTOS = YES_AGGRESSIVE;
				GCC_WARN_UNUSED_FUNCTION = YES;
				GCC_WARN_UNUSED_VARIABLE = YES;
				IPHONEOS_DEPLOYMENT_TARGET = 13.2;
				MTL_ENABLE_DEBUG_INFO = NO;
				MTL_FAST_MATH = YES;
				SDKROOT = iphoneos;
				SWIFT_COMPILATION_MODE = wholemodule;
				SWIFT_OPTIMIZATION_LEVEL = "-O";
				VALIDATE_PRODUCT = YES;
			};
			name = Release;
		};
		4578084723E6BC5100431E92 /* Debug */ = {
			isa = XCBuildConfiguration;
			buildSettings = {
				ASSETCATALOG_COMPILER_APPICON_NAME = AppIcon;
				CODE_SIGN_STYLE = Automatic;
				DEVELOPMENT_ASSET_PATHS = "\"SwiftUI-Project/Preview Content\"";
				DEVELOPMENT_TEAM = MFWRVSHWTR;
				ENABLE_PREVIEWS = YES;
				INFOPLIST_FILE = "SwiftUI-Project/Info.plist";
				LD_RUNPATH_SEARCH_PATHS = (
					"$(inherited)",
					"@executable_path/Frameworks",
				);
				PRODUCT_BUNDLE_IDENTIFIER = "unrealce.SwiftUI-Project";
				PRODUCT_NAME = "$(TARGET_NAME)";
				SWIFT_VERSION = 5.0;
				TARGETED_DEVICE_FAMILY = "1,2";
			};
			name = Debug;
		};
		4578084823E6BC5100431E92 /* Release */ = {
			isa = XCBuildConfiguration;
			buildSettings = {
				ASSETCATALOG_COMPILER_APPICON_NAME = AppIcon;
				CODE_SIGN_STYLE = Automatic;
				DEVELOPMENT_ASSET_PATHS = "\"SwiftUI-Project/Preview Content\"";
				DEVELOPMENT_TEAM = MFWRVSHWTR;
				ENABLE_PREVIEWS = YES;
				INFOPLIST_FILE = "SwiftUI-Project/Info.plist";
				LD_RUNPATH_SEARCH_PATHS = (
					"$(inherited)",
					"@executable_path/Frameworks",
				);
				PRODUCT_BUNDLE_IDENTIFIER = "unrealce.SwiftUI-Project";
				PRODUCT_NAME = "$(TARGET_NAME)";
				SWIFT_VERSION = 5.0;
				TARGETED_DEVICE_FAMILY = "1,2";
			};
			name = Release;
		};
/* End XCBuildConfiguration section */

/* Begin XCConfigurationList section */
		4578082A23E6BC4E00431E92 /* Build configuration list for PBXProject "SwiftUI-Project" */ = {
			isa = XCConfigurationList;
			buildConfigurations = (
				4578084423E6BC5100431E92 /* Debug */,
				4578084523E6BC5100431E92 /* Release */,
			);
			defaultConfigurationIsVisible = 0;
			defaultConfigurationName = Release;
		};
		4578084623E6BC5100431E92 /* Build configuration list for PBXNativeTarget "SwiftUI-Project" */ = {
			isa = XCConfigurationList;
			buildConfigurations = (
				4578084723E6BC5100431E92 /* Debug */,
				4578084823E6BC5100431E92 /* Release */,
			);
			defaultConfigurationIsVisible = 0;
			defaultConfigurationName = Release;
		};
/* End XCConfigurationList section */

/* Begin XCVersionGroup section */
		4578083623E6BC4E00431E92 /* SwiftUI_Project.xcdatamodeld */ = {
			isa = XCVersionGroup;
			children = (
				4578083723E6BC4E00431E92 /* SwiftUI_Project.xcdatamodel */,
			);
			currentVersion = 4578083723E6BC4E00431E92 /* SwiftUI_Project.xcdatamodel */;
			path = SwiftUI_Project.xcdatamodeld;
			sourceTree = "<group>";
			versionGroupType = wrapper.xcdatamodel;
		};
/* End XCVersionGroup section */
	};
	rootObject = 4578082723E6BC4E00431E92 /* Project object */;
}
